
Microsoft Visual Studio Solution File, Format Version 12.00
# Visual Studio Version 17
VisualStudioVersion = 17.4.33213.308
MinimumVisualStudioVersion = 10.0.40219.1
Project("{9A19103F-16F7-4668-BE54-9A1E7A4F7556}") = "HealthCheckPlus", "src\HealthCheckPlus.csproj", "{8001BE45-55DF-42AA-A531-4C6AB5A2DC80}"
EndProject
Project("{9A19103F-16F7-4668-BE54-9A1E7A4F7556}") = "HealthCheckPlusDemo", "samples\HealthCheckPlusDemo\HealthCheckPlusDemo.csproj", "{8D563223-BE9E-47D2-8761-C321C7AD8BE6}"
EndProject
Project("{2150E333-8FDC-42A3-9474-1A3956D46DE8}") = "readme", "readme", "{EE6725E1-0A5C-4025-98FF-D992D1EF4E30}"
	ProjectSection(SolutionItems) = preProject
		NugetREADME.md = NugetREADME.md
		README.md = README.md
		README.txt = README.txt
	EndProjectSection
EndProject
Project("{2150E333-8FDC-42A3-9474-1A3956D46DE8}") = "doc", "doc", "{BE1994FD-D680-4A4E-8107-17FB273C74A4}"
	ProjectSection(SolutionItems) = preProject
		CODE_OF_CONDUCT.md = CODE_OF_CONDUCT.md
		CONTRIBUTING.md = CONTRIBUTING.md
		docapitemplate.md = docapitemplate.md
		docs\index.md = docs\index.md
		docs\LICENSE.md = docs\LICENSE.md
		docs\whatsnewprev.md = docs\whatsnewprev.md
		docs\_config.yml = docs\_config.yml
	EndProjectSection
EndProject
Project("{2150E333-8FDC-42A3-9474-1A3956D46DE8}") = "Solution Items", "Solution Items", "{EC640851-DE21-47E9-A496-F97C5D1C0070}"
	ProjectSection(SolutionItems) = preProject
		docs\apis\apis.md = docs\apis\apis.md
	EndProjectSection
EndProject
Global
	GlobalSection(SolutionConfigurationPlatforms) = preSolution
		Debug|Any CPU = Debug|Any CPU
		local|Any CPU = local|Any CPU
		Release|Any CPU = Release|Any CPU
	EndGlobalSection
	GlobalSection(ProjectConfigurationPlatforms) = postSolution
		{8001BE45-55DF-42AA-A531-4C6AB5A2DC80}.Debug|Any CPU.ActiveCfg = Debug|Any CPU
		{8001BE45-55DF-42AA-A531-4C6AB5A2DC80}.Debug|Any CPU.Build.0 = Debug|Any CPU
		{8001BE45-55DF-42AA-A531-4C6AB5A2DC80}.local|Any CPU.ActiveCfg = local|Any CPU
		{8001BE45-55DF-42AA-A531-4C6AB5A2DC80}.local|Any CPU.Build.0 = local|Any CPU
		{8001BE45-55DF-42AA-A531-4C6AB5A2DC80}.Release|Any CPU.ActiveCfg = Release|Any CPU
		{8001BE45-55DF-42AA-A531-4C6AB5A2DC80}.Release|Any CPU.Build.0 = Release|Any CPU
		{8D563223-BE9E-47D2-8761-C321C7AD8BE6}.Debug|Any CPU.ActiveCfg = Debug|Any CPU
		{8D563223-BE9E-47D2-8761-C321C7AD8BE6}.Debug|Any CPU.Build.0 = Debug|Any CPU
		{8D563223-BE9E-47D2-8761-C321C7AD8BE6}.local|Any CPU.ActiveCfg = local|Any CPU
		{8D563223-BE9E-47D2-8761-C321C7AD8BE6}.local|Any CPU.Build.0 = local|Any CPU
		{8D563223-BE9E-47D2-8761-C321C7AD8BE6}.Release|Any CPU.ActiveCfg = Release|Any CPU
		{8D563223-BE9E-47D2-8761-C321C7AD8BE6}.Release|Any CPU.Build.0 = Release|Any CPU
	EndGlobalSection
	GlobalSection(SolutionProperties) = preSolution
		HideSolutionNode = FALSE
	EndGlobalSection
	GlobalSection(ExtensibilityGlobals) = postSolution
		SolutionGuid = {783702DD-61DE-4B7C-ACD1-C77F08C700D7}
	EndGlobalSection
EndGlobal
